
Microsoft Visual Studio Solution File, Format Version 12.00
# Visual Studio Version 16
VisualStudioVersion = 16.0.29326.143
MinimumVisualStudioVersion = 10.0.40219.1
Project("{FAE04EC0-301F-11D3-BF4B-00C04F79EFBC}") = "LongestSubstring", "LongestSubstring.csproj", "{F729C0E3-FBB2-43E7-A632-388D1FF9086A}"
EndProject
Project("{9A19103F-16F7-4668-BE54-9A1E7A4F7556}") = "TwoSum", "..\TwoSum\TwoSum.csproj", "{4DD040DA-BF0B-4F55-BA06-124F7B848858}"
EndProject
Project("{9A19103F-16F7-4668-BE54-9A1E7A4F7556}") = "RecursiveSteps", "..\RecursiveSteps\RecursiveSteps.csproj", "{033C9C08-13F8-4810-940F-A5D1D16B8DFA}"
EndProject
Project("{FAE04EC0-301F-11D3-BF4B-00C04F79EFBC}") = "Parenthesis", "..\Parenthesis\Parenthesis.csproj", "{0F09E240-C7CC-4C63-ABB7-D2B20B0A0600}"
EndProject
Project("{9A19103F-16F7-4668-BE54-9A1E7A4F7556}") = "MinimumDepthBinaryTree", "..\MinimumDepthBinaryTree\MinimumDepthBinaryTree.csproj", "{819CBD5F-79B0-4FBF-83D7-E486282BEF82}"
EndProject
Project("{9A19103F-16F7-4668-BE54-9A1E7A4F7556}") = "FindRectangles", "..\FindRectangles\FindRectangles.csproj", "{BFFA710F-8F4E-430E-9CF5-693E819CECA2}"
EndProject
Project("{9A19103F-16F7-4668-BE54-9A1E7A4F7556}") = "Sort3UniqueNumbers", "..\Sort3UniqueNumbers\Sort3UniqueNumbers.csproj", "{27D320CC-FFD7-434E-928E-BA7316A199CE}"
EndProject
Project("{FAE04EC0-301F-11D3-BF4B-00C04F79EFBC}") = "FindOddNumberRepeating", "..\FindOddNumberRepeating\FindOddNumberRepeating.csproj", "{6AA9AB0C-D8C2-43C4-8C14-3A02589AB69E}"
EndProject
Global
	GlobalSection(SolutionConfigurationPlatforms) = preSolution
		Debug|Any CPU = Debug|Any CPU
		Debug|x64 = Debug|x64
		Debug|x86 = Debug|x86
		Release|Any CPU = Release|Any CPU
		Release|x64 = Release|x64
		Release|x86 = Release|x86
	EndGlobalSection
	GlobalSection(ProjectConfigurationPlatforms) = postSolution
		{F729C0E3-FBB2-43E7-A632-388D1FF9086A}.Debug|Any CPU.ActiveCfg = Debug|Any CPU
		{F729C0E3-FBB2-43E7-A632-388D1FF9086A}.Debug|Any CPU.Build.0 = Debug|Any CPU
		{F729C0E3-FBB2-43E7-A632-388D1FF9086A}.Debug|x64.ActiveCfg = Debug|Any CPU
		{F729C0E3-FBB2-43E7-A632-388D1FF9086A}.Debug|x64.Build.0 = Debug|Any CPU
		{F729C0E3-FBB2-43E7-A632-388D1FF9086A}.Debug|x86.ActiveCfg = Debug|Any CPU
		{F729C0E3-FBB2-43E7-A632-388D1FF9086A}.Debug|x86.Build.0 = Debug|Any CPU
		{F729C0E3-FBB2-43E7-A632-388D1FF9086A}.Release|Any CPU.ActiveCfg = Release|Any CPU
		{F729C0E3-FBB2-43E7-A632-388D1FF9086A}.Release|Any CPU.Build.0 = Release|Any CPU
		{F729C0E3-FBB2-43E7-A632-388D1FF9086A}.Release|x64.ActiveCfg = Release|Any CPU
		{F729C0E3-FBB2-43E7-A632-388D1FF9086A}.Release|x64.Build.0 = Release|Any CPU
		{F729C0E3-FBB2-43E7-A632-388D1FF9086A}.Release|x86.ActiveCfg = Release|Any CPU
		{F729C0E3-FBB2-43E7-A632-388D1FF9086A}.Release|x86.Build.0 = Release|Any CPU
		{4DD040DA-BF0B-4F55-BA06-124F7B848858}.Debug|Any CPU.ActiveCfg = Debug|Any CPU
		{4DD040DA-BF0B-4F55-BA06-124F7B848858}.Debug|Any CPU.Build.0 = Debug|Any CPU
		{4DD040DA-BF0B-4F55-BA06-124F7B848858}.Debug|x64.ActiveCfg = Debug|Any CPU
		{4DD040DA-BF0B-4F55-BA06-124F7B848858}.Debug|x64.Build.0 = Debug|Any CPU
		{4DD040DA-BF0B-4F55-BA06-124F7B848858}.Debug|x86.ActiveCfg = Debug|Any CPU
		{4DD040DA-BF0B-4F55-BA06-124F7B848858}.Debug|x86.Build.0 = Debug|Any CPU
		{4DD040DA-BF0B-4F55-BA06-124F7B848858}.Release|Any CPU.ActiveCfg = Release|Any CPU
		{4DD040DA-BF0B-4F55-BA06-124F7B848858}.Release|Any CPU.Build.0 = Release|Any CPU
		{4DD040DA-BF0B-4F55-BA06-124F7B848858}.Release|x64.ActiveCfg = Release|Any CPU
		{4DD040DA-BF0B-4F55-BA06-124F7B848858}.Release|x64.Build.0 = Release|Any CPU
		{4DD040DA-BF0B-4F55-BA06-124F7B848858}.Release|x86.ActiveCfg = Release|Any CPU
		{4DD040DA-BF0B-4F55-BA06-124F7B848858}.Release|x86.Build.0 = Release|Any CPU
		{033C9C08-13F8-4810-940F-A5D1D16B8DFA}.Debug|Any CPU.ActiveCfg = Debug|Any CPU
		{033C9C08-13F8-4810-940F-A5D1D16B8DFA}.Debug|Any CPU.Build.0 = Debug|Any CPU
		{033C9C08-13F8-4810-940F-A5D1D16B8DFA}.Debug|x64.ActiveCfg = Debug|Any CPU
		{033C9C08-13F8-4810-940F-A5D1D16B8DFA}.Debug|x64.Build.0 = Debug|Any CPU
		{033C9C08-13F8-4810-940F-A5D1D16B8DFA}.Debug|x86.ActiveCfg = Debug|Any CPU
		{033C9C08-13F8-4810-940F-A5D1D16B8DFA}.Debug|x86.Build.0 = Debug|Any CPU
		{033C9C08-13F8-4810-940F-A5D1D16B8DFA}.Release|Any CPU.ActiveCfg = Release|Any CPU
		{033C9C08-13F8-4810-940F-A5D1D16B8DFA}.Release|Any CPU.Build.0 = Release|Any CPU
		{033C9C08-13F8-4810-940F-A5D1D16B8DFA}.Release|x64.ActiveCfg = Release|Any CPU
		{033C9C08-13F8-4810-940F-A5D1D16B8DFA}.Release|x64.Build.0 = Release|Any CPU
		{033C9C08-13F8-4810-940F-A5D1D16B8DFA}.Release|x86.ActiveCfg = Release|Any CPU
		{033C9C08-13F8-4810-940F-A5D1D16B8DFA}.Release|x86.Build.0 = Release|Any CPU
		{0F09E240-C7CC-4C63-ABB7-D2B20B0A0600}.Debug|Any CPU.ActiveCfg = Debug|Any CPU
		{0F09E240-C7CC-4C63-ABB7-D2B20B0A0600}.Debug|Any CPU.Build.0 = Debug|Any CPU
		{0F09E240-C7CC-4C63-ABB7-D2B20B0A0600}.Debug|x64.ActiveCfg = Debug|Any CPU
		{0F09E240-C7CC-4C63-ABB7-D2B20B0A0600}.Debug|x64.Build.0 = Debug|Any CPU
		{0F09E240-C7CC-4C63-ABB7-D2B20B0A0600}.Debug|x86.ActiveCfg = Debug|Any CPU
		{0F09E240-C7CC-4C63-ABB7-D2B20B0A0600}.Debug|x86.Build.0 = Debug|Any CPU
		{0F09E240-C7CC-4C63-ABB7-D2B20B0A0600}.Release|Any CPU.ActiveCfg = Release|Any CPU
		{0F09E240-C7CC-4C63-ABB7-D2B20B0A0600}.Release|Any CPU.Build.0 = Release|Any CPU
		{0F09E240-C7CC-4C63-ABB7-D2B20B0A0600}.Release|x64.ActiveCfg = Release|Any CPU
		{0F09E240-C7CC-4C63-ABB7-D2B20B0A0600}.Release|x64.Build.0 = Release|Any CPU
		{0F09E240-C7CC-4C63-ABB7-D2B20B0A0600}.Release|x86.ActiveCfg = Release|Any CPU
		{0F09E240-C7CC-4C63-ABB7-D2B20B0A0600}.Release|x86.Build.0 = Release|Any CPU
		{819CBD5F-79B0-4FBF-83D7-E486282BEF82}.Debug|Any CPU.ActiveCfg = Debug|Any CPU
		{819CBD5F-79B0-4FBF-83D7-E486282BEF82}.Debug|Any CPU.Build.0 = Debug|Any CPU
		{819CBD5F-79B0-4FBF-83D7-E486282BEF82}.Debug|x64.ActiveCfg = Debug|Any CPU
		{819CBD5F-79B0-4FBF-83D7-E486282BEF82}.Debug|x64.Build.0 = Debug|Any CPU
		{819CBD5F-79B0-4FBF-83D7-E486282BEF82}.Debug|x86.ActiveCfg = Debug|Any CPU
		{819CBD5F-79B0-4FBF-83D7-E486282BEF82}.Debug|x86.Build.0 = Debug|Any CPU
		{819CBD5F-79B0-4FBF-83D7-E486282BEF82}.Release|Any CPU.ActiveCfg = Release|Any CPU
		{819CBD5F-79B0-4FBF-83D7-E486282BEF82}.Release|Any CPU.Build.0 = Release|Any CPU
		{819CBD5F-79B0-4FBF-83D7-E486282BEF82}.Release|x64.ActiveCfg = Release|Any CPU
		{819CBD5F-79B0-4FBF-83D7-E486282BEF82}.Release|x64.Build.0 = Release|Any CPU
		{819CBD5F-79B0-4FBF-83D7-E486282BEF82}.Release|x86.ActiveCfg = Release|Any CPU
		{819CBD5F-79B0-4FBF-83D7-E486282BEF82}.Release|x86.Build.0 = Release|Any CPU
		{BFFA710F-8F4E-430E-9CF5-693E819CECA2}.Debug|Any CPU.ActiveCfg = Debug|Any CPU
		{BFFA710F-8F4E-430E-9CF5-693E819CECA2}.Debug|Any CPU.Build.0 = Debug|Any CPU
		{BFFA710F-8F4E-430E-9CF5-693E819CECA2}.Debug|x64.ActiveCfg = Debug|Any CPU
		{BFFA710F-8F4E-430E-9CF5-693E819CECA2}.Debug|x64.Build.0 = Debug|Any CPU
		{BFFA710F-8F4E-430E-9CF5-693E819CECA2}.Debug|x86.ActiveCfg = Debug|Any CPU
		{BFFA710F-8F4E-430E-9CF5-693E819CECA2}.Debug|x86.Build.0 = Debug|Any CPU
		{BFFA710F-8F4E-430E-9CF5-693E819CECA2}.Release|Any CPU.ActiveCfg = Release|Any CPU
		{BFFA710F-8F4E-430E-9CF5-693E819CECA2}.Release|Any CPU.Build.0 = Release|Any CPU
		{BFFA710F-8F4E-430E-9CF5-693E819CECA2}.Release|x64.ActiveCfg = Release|Any CPU
		{BFFA710F-8F4E-430E-9CF5-693E819CECA2}.Release|x64.Build.0 = Release|Any CPU
		{BFFA710F-8F4E-430E-9CF5-693E819CECA2}.Release|x86.ActiveCfg = Release|Any CPU
		{BFFA710F-8F4E-430E-9CF5-693E819CECA2}.Release|x86.Build.0 = Release|Any CPU
		{27D320CC-FFD7-434E-928E-BA7316A199CE}.Debug|Any CPU.ActiveCfg = Debug|Any CPU
		{27D320CC-FFD7-434E-928E-BA7316A199CE}.Debug|Any CPU.Build.0 = Debug|Any CPU
		{27D320CC-FFD7-434E-928E-BA7316A199CE}.Debug|x64.ActiveCfg = Debug|Any CPU
		{27D320CC-FFD7-434E-928E-BA7316A199CE}.Debug|x64.Build.0 = Debug|Any CPU
		{27D320CC-FFD7-434E-928E-BA7316A199CE}.Debug|x86.ActiveCfg = Debug|Any CPU
		{27D320CC-FFD7-434E-928E-BA7316A199CE}.Debug|x86.Build.0 = Debug|Any CPU
		{27D320CC-FFD7-434E-928E-BA7316A199CE}.Release|Any CPU.ActiveCfg = Release|Any CPU
		{27D320CC-FFD7-434E-928E-BA7316A199CE}.Release|Any CPU.Build.0 = Release|Any CPU
		{27D320CC-FFD7-434E-928E-BA7316A199CE}.Release|x64.ActiveCfg = Release|Any CPU
		{27D320CC-FFD7-434E-928E-BA7316A199CE}.Release|x64.Build.0 = Release|Any CPU
		{27D320CC-FFD7-434E-928E-BA7316A199CE}.Release|x86.ActiveCfg = Release|Any CPU
		{27D320CC-FFD7-434E-928E-BA7316A199CE}.Release|x86.Build.0 = Release|Any CPU
		{6AA9AB0C-D8C2-43C4-8C14-3A02589AB69E}.Debug|Any CPU.ActiveCfg = Debug|Any CPU
		{6AA9AB0C-D8C2-43C4-8C14-3A02589AB69E}.Debug|Any CPU.Build.0 = Debug|Any CPU
		{6AA9AB0C-D8C2-43C4-8C14-3A02589AB69E}.Debug|x64.ActiveCfg = Debug|Any CPU
		{6AA9AB0C-D8C2-43C4-8C14-3A02589AB69E}.Debug|x64.Build.0 = Debug|Any CPU
		{6AA9AB0C-D8C2-43C4-8C14-3A02589AB69E}.Debug|x86.ActiveCfg = Debug|Any CPU
		{6AA9AB0C-D8C2-43C4-8C14-3A02589AB69E}.Debug|x86.Build.0 = Debug|Any CPU
		{6AA9AB0C-D8C2-43C4-8C14-3A02589AB69E}.Release|Any CPU.ActiveCfg = Release|Any CPU
		{6AA9AB0C-D8C2-43C4-8C14-3A02589AB69E}.Release|Any CPU.Build.0 = Release|Any CPU
		{6AA9AB0C-D8C2-43C4-8C14-3A02589AB69E}.Release|x64.ActiveCfg = Release|Any CPU
		{6AA9AB0C-D8C2-43C4-8C14-3A02589AB69E}.Release|x64.Build.0 = Release|Any CPU
		{6AA9AB0C-D8C2-43C4-8C14-3A02589AB69E}.Release|x86.ActiveCfg = Release|Any CPU
		{6AA9AB0C-D8C2-43C4-8C14-3A02589AB69E}.Release|x86.Build.0 = Release|Any CPU
	EndGlobalSection
	GlobalSection(SolutionProperties) = preSolution
		HideSolutionNode = FALSE
	EndGlobalSection
	GlobalSection(ExtensibilityGlobals) = postSolution
		SolutionGuid = {338BC296-3605-488A-94F4-6AAEBC1AD74C}
	EndGlobalSection
EndGlobal
